<?xml version="1.0" encoding="utf-8"?>
<Project ToolsVersion="4.0" xmlns="http://schemas.microsoft.com/developer/msbuild/2003">
  <ItemGroup>
    <Filter Include="Source Files">
      <UniqueIdentifier>{4FC737F1-C7A5-4376-A066-2A32D752A2FF}</UniqueIdentifier>
      <Extensions>cpp;c;cc;cxx;def;odl;idl;hpj;bat;asm;asmx</Extensions>
    </Filter>
    <Filter Include="Header Files">
      <UniqueIdentifier>{93995380-89BD-4b04-88EB-625FBE52EBFB}</UniqueIdentifier>
      <Extensions>h;hh;hpp;hxx;hm;inl;inc;ipp;xsd</Extensions>
    </Filter>
    <Filter Include="Resource Files">
      <UniqueIdentifier>{67DA6AB6-F800-4c08-8B7A-83BB121AAD01}</UniqueIdentifier>
      <Extensions>rc;ico;cur;bmp;dlg;rc2;rct;bin;rgs;gif;jpg;jpeg;jpe;resx;tiff;tif;png;wav;mfcribbon-ms</Extensions>
    </Filter>
    <Filter Include="Source Files\DirectX">
      <UniqueIdentifier>{3463e1a5-e2bf-40f6-9912-a210a615c1b6}</UniqueIdentifier>
    </Filter>
    <Filter Include="Header Files\DirectX">
      <UniqueIdentifier>{7fc373bd-0334-4cd7-a182-0a7965fedc84}</UniqueIdentifier>
    </Filter>
    <Filter Include="Header Files\Structures">
      <UniqueIdentifier>{bd32c327-2b99-4d12-a922-2779d0df3cc1}</UniqueIdentifier>
    </Filter>
  </ItemGroup>
  <ItemGroup>
    <ClCompile Include="Main.cpp">
      <Filter>Source Files</Filter>
    </ClCompile>
    <ClCompile Include="BlueRapsolEngine.cpp">
      <Filter>Source Files</Filter>
    </ClCompile>
    <ClCompile Include="KeyboardListener.cpp">
      <Filter>Source Files</Filter>
    </ClCompile>
    <ClCompile Include="..\..\DirectX\Common\d3dApp.cpp">
      <Filter>Source Files\DirectX</Filter>
    </ClCompile>
    <ClCompile Include="..\..\DirectX\Common\d3dUtil.cpp">
      <Filter>Source Files\DirectX</Filter>
    </ClCompile>
    <ClCompile Include="..\..\DirectX\Common\DDSTextureLoader.cpp">
      <Filter>Source Files\DirectX</Filter>
    </ClCompile>
    <ClCompile Include="..\..\DirectX\Common\GameTimer.cpp">
      <Filter>Source Files\DirectX</Filter>
    </ClCompile>
    <ClCompile Include="..\..\DirectX\Common\MathHelper.cpp">
      <Filter>Source Files\DirectX</Filter>
    </ClCompile>
    <ClCompile Include="..\..\DirectX\Framework\InitDirect3DApp.cpp">
      <Filter>Source Files\DirectX</Filter>
    </ClCompile>
    <ClCompile Include="MouseListener.cpp">
      <Filter>Source Files</Filter>
    </ClCompile>
    <ClCompile Include="..\..\DirectX\Common\GeometryGenerator.cpp">
      <Filter>Source Files\DirectX</Filter>
    </ClCompile>
    <ClCompile Include="..\..\DirectX\Common\Camera.cpp">
      <Filter>Source Files\DirectX</Filter>
    </ClCompile>
    <ClCompile Include="FrameResource.cpp">
      <Filter>Source Files</Filter>
    </ClCompile>
  </ItemGroup>
  <ItemGroup>
    <ClInclude Include="BlueRapsolEngine.h">
      <Filter>Header Files</Filter>
    </ClInclude>
    <ClInclude Include="IUserInput.h">
      <Filter>Header Files</Filter>
    </ClInclude>
    <ClInclude Include="..\..\DirectX\Common\d3dApp.h">
      <Filter>Header Files\DirectX</Filter>
    </ClInclude>
    <ClInclude Include="..\..\DirectX\Common\d3dUtil.h">
      <Filter>Header Files\DirectX</Filter>
    </ClInclude>
    <ClInclude Include="..\..\DirectX\Common\d3dx12.h">
      <Filter>Header Files\DirectX</Filter>
    </ClInclude>
    <ClInclude Include="..\..\DirectX\Common\DDSTextureLoader.h">
      <Filter>Header Files\DirectX</Filter>
    </ClInclude>
    <ClInclude Include="..\..\DirectX\Common\GameTimer.h">
      <Filter>Header Files\DirectX</Filter>
    </ClInclude>
    <ClInclude Include="..\..\DirectX\Common\MathHelper.h">
      <Filter>Header Files\DirectX</Filter>
    </ClInclude>
    <ClInclude Include="..\..\DirectX\Common\UploadBuffer.h">
      <Filter>Header Files\DirectX</Filter>
    </ClInclude>
    <ClInclude Include="..\..\DirectX\Framework\InitDirect3DApp.h">
      <Filter>Header Files\DirectX</Filter>
    </ClInclude>
    <ClInclude Include="BRDataTypes.h">
      <Filter>Header Files\Structures</Filter>
    </ClInclude>
    <ClInclude Include="MouseListener.h">
      <Filter>Header Files</Filter>
    </ClInclude>
    <ClInclude Include="KeyboardListener.h">
      <Filter>Header Files</Filter>
    </ClInclude>
    <ClInclude Include="..\..\DirectX\Common\GraphicsStructures.h">
      <Filter>Header Files\Structures</Filter>
    </ClInclude>
    <ClInclude Include="..\..\DirectX\Common\GeometryGenerator.h">
      <Filter>Header Files\DirectX</Filter>
    </ClInclude>
    <ClInclude Include="..\..\DirectX\Common\Camera.h">
      <Filter>Header Files\DirectX</Filter>
    </ClInclude>
    <ClInclude Include="FrameResource.h">
      <Filter>Header Files</Filter>
    </ClInclude>
    <ClInclude Include="..\..\DirectX\Common\ShapeTypes.h">
      <Filter>Header Files\DirectX</Filter>
    </ClInclude>
  </ItemGroup>
</Project>