
Microsoft Visual Studio Solution File, Format Version 12.00
# Visual Studio 15
VisualStudioVersion = 15.0.28010.2016
MinimumVisualStudioVersion = 10.0.40219.1
Project("{8BC9CEB8-8B4A-11D0-8D11-00A0C91BC942}") = "BlueRapsolEngine", "BlueRapsolEngine\BlueRapsolEngine.vcxproj", "{8F08A3C4-A48D-4EC4-94CB-4442FB5944B0}"
EndProject
Global
	GlobalSection(SolutionConfigurationPlatforms) = preSolution
		Debug|x64 = Debug|x64
		Debug|x86 = Debug|x86
		Release|x64 = Release|x64
		Release|x86 = Release|x86
	EndGlobalSection
	GlobalSection(ProjectConfigurationPlatforms) = postSolution
		{8F08A3C4-A48D-4EC4-94CB-4442FB5944B0}.Debug|x64.ActiveCfg = Debug|x64
		{8F08A3C4-A48D-4EC4-94CB-4442FB5944B0}.Debug|x64.Build.0 = Debug|x64
		{8F08A3C4-A48D-4EC4-94CB-4442FB5944B0}.Debug|x86.ActiveCfg = Debug|Win32
		{8F08A3C4-A48D-4EC4-94CB-4442FB5944B0}.Debug|x86.Build.0 = Debug|Win32
		{8F08A3C4-A48D-4EC4-94CB-4442FB5944B0}.Release|x64.ActiveCfg = Release|x64
		{8F08A3C4-A48D-4EC4-94CB-4442FB5944B0}.Release|x64.Build.0 = Release|x64
		{8F08A3C4-A48D-4EC4-94CB-4442FB5944B0}.Release|x86.ActiveCfg = Release|Win32
		{8F08A3C4-A48D-4EC4-94CB-4442FB5944B0}.Release|x86.Build.0 = Release|Win32
	EndGlobalSection
	GlobalSection(SolutionProperties) = preSolution
		HideSolutionNode = FALSE
	EndGlobalSection
	GlobalSection(ExtensibilityGlobals) = postSolution
		SolutionGuid = {B252AE79-5B81-487D-B2F9-6E0870B1C6EC}
	EndGlobalSection
EndGlobal
